// !$*UTF8*$!
{
	archiveVersion = 1;
	classes = {
	};
	objectVersion = 56;
	objects = {

/* Begin PBXBuildFile section */
		221746C42B7B202A00B081FC /* AppetizerApp.swift in Sources */ = {isa = PBXBuildFile; fileRef = 221746C32B7B202A00B081FC /* AppetizerApp.swift */; };
		221746C62B7B202A00B081FC /* AppetizerTabView.swift in Sources */ = {isa = PBXBuildFile; fileRef = 221746C52B7B202A00B081FC /* AppetizerTabView.swift */; };
		221746C82B7B202B00B081FC /* Assets.xcassets in Resources */ = {isa = PBXBuildFile; fileRef = 221746C72B7B202B00B081FC /* Assets.xcassets */; };
		221746CB2B7B202B00B081FC /* Preview Assets.xcassets in Resources */ = {isa = PBXBuildFile; fileRef = 221746CA2B7B202B00B081FC /* Preview Assets.xcassets */; };
		221746DA2B7B229B00B081FC /* OrderView.swift in Sources */ = {isa = PBXBuildFile; fileRef = 221746D92B7B229B00B081FC /* OrderView.swift */; };
		221746DC2B7B22C300B081FC /* AccountView.swift in Sources */ = {isa = PBXBuildFile; fileRef = 221746DB2B7B22C300B081FC /* AccountView.swift */; };
		221746DE2B7B22ED00B081FC /* AppetizerList.swift in Sources */ = {isa = PBXBuildFile; fileRef = 221746DD2B7B22ED00B081FC /* AppetizerList.swift */; };
		221746E02B7B28FA00B081FC /* Appetizer.swift in Sources */ = {isa = PBXBuildFile; fileRef = 221746DF2B7B28FA00B081FC /* Appetizer.swift */; };
		221746E22B7B298100B081FC /* NetworkManager.swift in Sources */ = {isa = PBXBuildFile; fileRef = 221746E12B7B298100B081FC /* NetworkManager.swift */; };
		221746E42B7B29B100B081FC /* URL+Ext.swift in Sources */ = {isa = PBXBuildFile; fileRef = 221746E32B7B29B100B081FC /* URL+Ext.swift */; };
		221746E62B7B2B1700B081FC /* Alerts.swift in Sources */ = {isa = PBXBuildFile; fileRef = 221746E52B7B2B1700B081FC /* Alerts.swift */; };
		221746E82B7B2CE700B081FC /* AppetizerCell.swift in Sources */ = {isa = PBXBuildFile; fileRef = 221746E72B7B2CE700B081FC /* AppetizerCell.swift */; };
		221746EA2B7B2F6700B081FC /* AppetizerViewModel.swift in Sources */ = {isa = PBXBuildFile; fileRef = 221746E92B7B2F6700B081FC /* AppetizerViewModel.swift */; };
		221746EC2B7B318B00B081FC /* View+Ext.swift in Sources */ = {isa = PBXBuildFile; fileRef = 221746EB2B7B318B00B081FC /* View+Ext.swift */; };
		221746EE2B7B33C600B081FC /* ApeptizerDetail.swift in Sources */ = {isa = PBXBuildFile; fileRef = 221746ED2B7B33C600B081FC /* ApeptizerDetail.swift */; };
		221746F12B7B344700B081FC /* DissmisButton.swift in Sources */ = {isa = PBXBuildFile; fileRef = 221746F02B7B344700B081FC /* DissmisButton.swift */; };
		221746F32B7B393800B081FC /* NutritionMenu.swift in Sources */ = {isa = PBXBuildFile; fileRef = 221746F22B7B393800B081FC /* NutritionMenu.swift */; };
		221746F52B7B3ABD00B081FC /* AddButton.swift in Sources */ = {isa = PBXBuildFile; fileRef = 221746F42B7B3ABD00B081FC /* AddButton.swift */; };
		221746F92B7B3DAF00B081FC /* ZStack+Ext.swift in Sources */ = {isa = PBXBuildFile; fileRef = 221746F82B7B3DAF00B081FC /* ZStack+Ext.swift */; };
/* End PBXBuildFile section */

/* Begin PBXFileReference section */
		221746C02B7B202900B081FC /* Appetizer.app */ = {isa = PBXFileReference; explicitFileType = wrapper.application; includeInIndex = 0; path = Appetizer.app; sourceTree = BUILT_PRODUCTS_DIR; };
		221746C32B7B202A00B081FC /* AppetizerApp.swift */ = {isa = PBXFileReference; lastKnownFileType = sourcecode.swift; path = AppetizerApp.swift; sourceTree = "<group>"; };
		221746C52B7B202A00B081FC /* AppetizerTabView.swift */ = {isa = PBXFileReference; lastKnownFileType = sourcecode.swift; path = AppetizerTabView.swift; sourceTree = "<group>"; };
		221746C72B7B202B00B081FC /* Assets.xcassets */ = {isa = PBXFileReference; lastKnownFileType = folder.assetcatalog; path = Assets.xcassets; sourceTree = "<group>"; };
		221746CA2B7B202B00B081FC /* Preview Assets.xcassets */ = {isa = PBXFileReference; lastKnownFileType = folder.assetcatalog; path = "Preview Assets.xcassets"; sourceTree = "<group>"; };
		221746D92B7B229B00B081FC /* OrderView.swift */ = {isa = PBXFileReference; lastKnownFileType = sourcecode.swift; path = OrderView.swift; sourceTree = "<group>"; };
		221746DB2B7B22C300B081FC /* AccountView.swift */ = {isa = PBXFileReference; lastKnownFileType = sourcecode.swift; path = AccountView.swift; sourceTree = "<group>"; };
		221746DD2B7B22ED00B081FC /* AppetizerList.swift */ = {isa = PBXFileReference; lastKnownFileType = sourcecode.swift; path = AppetizerList.swift; sourceTree = "<group>"; };
		221746DF2B7B28FA00B081FC /* Appetizer.swift */ = {isa = PBXFileReference; lastKnownFileType = sourcecode.swift; path = Appetizer.swift; sourceTree = "<group>"; };
		221746E12B7B298100B081FC /* NetworkManager.swift */ = {isa = PBXFileReference; lastKnownFileType = sourcecode.swift; path = NetworkManager.swift; sourceTree = "<group>"; };
		221746E32B7B29B100B081FC /* URL+Ext.swift */ = {isa = PBXFileReference; lastKnownFileType = sourcecode.swift; path = "URL+Ext.swift"; sourceTree = "<group>"; };
		221746E52B7B2B1700B081FC /* Alerts.swift */ = {isa = PBXFileReference; lastKnownFileType = sourcecode.swift; path = Alerts.swift; sourceTree = "<group>"; };
		221746E72B7B2CE700B081FC /* AppetizerCell.swift */ = {isa = PBXFileReference; lastKnownFileType = sourcecode.swift; path = AppetizerCell.swift; sourceTree = "<group>"; };
		221746E92B7B2F6700B081FC /* AppetizerViewModel.swift */ = {isa = PBXFileReference; lastKnownFileType = sourcecode.swift; path = AppetizerViewModel.swift; sourceTree = "<group>"; };
		221746EB2B7B318B00B081FC /* View+Ext.swift */ = {isa = PBXFileReference; lastKnownFileType = sourcecode.swift; path = "View+Ext.swift"; sourceTree = "<group>"; };
		221746ED2B7B33C600B081FC /* ApeptizerDetail.swift */ = {isa = PBXFileReference; lastKnownFileType = sourcecode.swift; path = ApeptizerDetail.swift; sourceTree = "<group>"; };
		221746F02B7B344700B081FC /* DissmisButton.swift */ = {isa = PBXFileReference; lastKnownFileType = sourcecode.swift; path = DissmisButton.swift; sourceTree = "<group>"; };
		221746F22B7B393800B081FC /* NutritionMenu.swift */ = {isa = PBXFileReference; lastKnownFileType = sourcecode.swift; path = NutritionMenu.swift; sourceTree = "<group>"; };
		221746F42B7B3ABD00B081FC /* AddButton.swift */ = {isa = PBXFileReference; lastKnownFileType = sourcecode.swift; path = AddButton.swift; sourceTree = "<group>"; };
		221746F82B7B3DAF00B081FC /* ZStack+Ext.swift */ = {isa = PBXFileReference; lastKnownFileType = sourcecode.swift; path = "ZStack+Ext.swift"; sourceTree = "<group>"; };
/* End PBXFileReference section */

/* Begin PBXFrameworksBuildPhase section */
		221746BD2B7B202900B081FC /* Frameworks */ = {
			isa = PBXFrameworksBuildPhase;
			buildActionMask = 2147483647;
			files = (
			);
			runOnlyForDeploymentPostprocessing = 0;
		};
/* End PBXFrameworksBuildPhase section */

/* Begin PBXGroup section */
		221746B72B7B202900B081FC = {
			isa = PBXGroup;
			children = (
				221746C22B7B202900B081FC /* Appetizer */,
				221746C12B7B202900B081FC /* Products */,
			);
			sourceTree = "<group>";
		};
		221746C12B7B202900B081FC /* Products */ = {
			isa = PBXGroup;
			children = (
				221746C02B7B202900B081FC /* Appetizer.app */,
			);
			name = Products;
			sourceTree = "<group>";
		};
		221746C22B7B202900B081FC /* Appetizer */ = {
			isa = PBXGroup;
			children = (
				221746C32B7B202A00B081FC /* AppetizerApp.swift */,
				221746D22B7B21AD00B081FC /* Views */,
				221746D12B7B219B00B081FC /* Models */,
				221746D32B7B21BD00B081FC /* Remote */,
				221746D42B7B21D400B081FC /* Extenshions */,
				221746C72B7B202B00B081FC /* Assets.xcassets */,
				221746C92B7B202B00B081FC /* Preview Content */,
			);
			path = Appetizer;
			sourceTree = "<group>";
		};
		221746C92B7B202B00B081FC /* Preview Content */ = {
			isa = PBXGroup;
			children = (
				221746CA2B7B202B00B081FC /* Preview Assets.xcassets */,
			);
			path = "Preview Content";
			sourceTree = "<group>";
		};
		221746D12B7B219B00B081FC /* Models */ = {
			isa = PBXGroup;
			children = (
				221746DF2B7B28FA00B081FC /* Appetizer.swift */,
				221746E52B7B2B1700B081FC /* Alerts.swift */,
			);
			path = Models;
			sourceTree = "<group>";
		};
		221746D22B7B21AD00B081FC /* Views */ = {
			isa = PBXGroup;
			children = (
				221746C52B7B202A00B081FC /* AppetizerTabView.swift */,
				221746D52B7B226F00B081FC /* Screens */,
			);
			path = Views;
			sourceTree = "<group>";
		};
		221746D32B7B21BD00B081FC /* Remote */ = {
			isa = PBXGroup;
			children = (
				221746E12B7B298100B081FC /* NetworkManager.swift */,
			);
			path = Remote;
			sourceTree = "<group>";
		};
		221746D42B7B21D400B081FC /* Extenshions */ = {
			isa = PBXGroup;
			children = (
				221746E32B7B29B100B081FC /* URL+Ext.swift */,
				221746EB2B7B318B00B081FC /* View+Ext.swift */,
				221746F82B7B3DAF00B081FC /* ZStack+Ext.swift */,
			);
			path = Extenshions;
			sourceTree = "<group>";
		};
		221746D52B7B226F00B081FC /* Screens */ = {
			isa = PBXGroup;
			children = (
				221746D62B7B227600B081FC /* Appetizer */,
				221746D82B7B228200B081FC /* Account */,
				221746D72B7B227B00B081FC /* Order */,
				221746EF2B7B342400B081FC /* Buttons */,
			);
			path = Screens;
			sourceTree = "<group>";
		};
		221746D62B7B227600B081FC /* Appetizer */ = {
			isa = PBXGroup;
			children = (
				221746DD2B7B22ED00B081FC /* AppetizerList.swift */,
				221746E72B7B2CE700B081FC /* AppetizerCell.swift */,
				221746ED2B7B33C600B081FC /* ApeptizerDetail.swift */,
				221746E92B7B2F6700B081FC /* AppetizerViewModel.swift */,
				221746F22B7B393800B081FC /* NutritionMenu.swift */,
			);
			path = Appetizer;
			sourceTree = "<group>";
		};
		221746D72B7B227B00B081FC /* Order */ = {
			isa = PBXGroup;
			children = (
				221746D92B7B229B00B081FC /* OrderView.swift */,
			);
			path = Order;
			sourceTree = "<group>";
		};
		221746D82B7B228200B081FC /* Account */ = {
			isa = PBXGroup;
			children = (
				221746DB2B7B22C300B081FC /* AccountView.swift */,
			);
			path = Account;
			sourceTree = "<group>";
		};
		221746EF2B7B342400B081FC /* Buttons */ = {
			isa = PBXGroup;
			children = (
				221746F02B7B344700B081FC /* DissmisButton.swift */,
				221746F42B7B3ABD00B081FC /* AddButton.swift */,
			);
			path = Buttons;
			sourceTree = "<group>";
		};
/* End PBXGroup section */

/* Begin PBXNativeTarget section */
		221746BF2B7B202900B081FC /* Appetizer */ = {
			isa = PBXNativeTarget;
			buildConfigurationList = 221746CE2B7B202B00B081FC /* Build configuration list for PBXNativeTarget "Appetizer" */;
			buildPhases = (
				221746BC2B7B202900B081FC /* Sources */,
				221746BD2B7B202900B081FC /* Frameworks */,
				221746BE2B7B202900B081FC /* Resources */,
			);
			buildRules = (
			);
			dependencies = (
			);
			name = Appetizer;
			productName = Appetizer;
			productReference = 221746C02B7B202900B081FC /* Appetizer.app */;
			productType = "com.apple.product-type.application";
		};
/* End PBXNativeTarget section */

/* Begin PBXProject section */
		221746B82B7B202900B081FC /* Project object */ = {
			isa = PBXProject;
			attributes = {
				BuildIndependentTargetsInParallel = 1;
				LastSwiftUpdateCheck = 1520;
				LastUpgradeCheck = 1520;
				TargetAttributes = {
					221746BF2B7B202900B081FC = {
						CreatedOnToolsVersion = 15.2;
					};
				};
			};
			buildConfigurationList = 221746BB2B7B202900B081FC /* Build configuration list for PBXProject "Appetizer" */;
			compatibilityVersion = "Xcode 14.0";
			developmentRegion = en;
			hasScannedForEncodings = 0;
			knownRegions = (
				en,
				Base,
			);
			mainGroup = 221746B72B7B202900B081FC;
			productRefGroup = 221746C12B7B202900B081FC /* Products */;
			projectDirPath = "";
			projectRoot = "";
			targets = (
				221746BF2B7B202900B081FC /* Appetizer */,
			);
		};
/* End PBXProject section */

/* Begin PBXResourcesBuildPhase section */
		221746BE2B7B202900B081FC /* Resources */ = {
			isa = PBXResourcesBuildPhase;
			buildActionMask = 2147483647;
			files = (
				221746CB2B7B202B00B081FC /* Preview Assets.xcassets in Resources */,
				221746C82B7B202B00B081FC /* Assets.xcassets in Resources */,
			);
			runOnlyForDeploymentPostprocessing = 0;
		};
/* End PBXResourcesBuildPhase section */

/* Begin PBXSourcesBuildPhase section */
		221746BC2B7B202900B081FC /* Sources */ = {
			isa = PBXSourcesBuildPhase;
			buildActionMask = 2147483647;
			files = (
				221746E02B7B28FA00B081FC /* Appetizer.swift in Sources */,
				221746DC2B7B22C300B081FC /* AccountView.swift in Sources */,
				221746DA2B7B229B00B081FC /* OrderView.swift in Sources */,
				221746F32B7B393800B081FC /* NutritionMenu.swift in Sources */,
				221746E22B7B298100B081FC /* NetworkManager.swift in Sources */,
				221746C62B7B202A00B081FC /* AppetizerTabView.swift in Sources */,
				221746DE2B7B22ED00B081FC /* AppetizerList.swift in Sources */,
				221746E82B7B2CE700B081FC /* AppetizerCell.swift in Sources */,
				221746C42B7B202A00B081FC /* AppetizerApp.swift in Sources */,
				221746F12B7B344700B081FC /* DissmisButton.swift in Sources */,
				221746EC2B7B318B00B081FC /* View+Ext.swift in Sources */,
				221746EE2B7B33C600B081FC /* ApeptizerDetail.swift in Sources */,
				221746E62B7B2B1700B081FC /* Alerts.swift in Sources */,
				221746EA2B7B2F6700B081FC /* AppetizerViewModel.swift in Sources */,
				221746E42B7B29B100B081FC /* URL+Ext.swift in Sources */,
				221746F52B7B3ABD00B081FC /* AddButton.swift in Sources */,
				221746F92B7B3DAF00B081FC /* ZStack+Ext.swift in Sources */,
			);
			runOnlyForDeploymentPostprocessing = 0;
		};
/* End PBXSourcesBuildPhase section */

/* Begin XCBuildConfiguration section */
		221746CC2B7B202B00B081FC /* Debug */ = {
			isa = XCBuildConfiguration;
			buildSettings = {
				ALWAYS_SEARCH_USER_PATHS = NO;
				ASSETCATALOG_COMPILER_GENERATE_SWIFT_ASSET_SYMBOL_EXTENSIONS = YES;
				CLANG_ANALYZER_NONNULL = YES;
				CLANG_ANALYZER_NUMBER_OBJECT_CONVERSION = YES_AGGRESSIVE;
				CLANG_CXX_LANGUAGE_STANDARD = "gnu++20";
				CLANG_ENABLE_MODULES = YES;
				CLANG_ENABLE_OBJC_ARC = YES;
				CLANG_ENABLE_OBJC_WEAK = YES;
				CLANG_WARN_BLOCK_CAPTURE_AUTORELEASING = YES;
				CLANG_WARN_BOOL_CONVERSION = YES;
				CLANG_WARN_COMMA = YES;
				CLANG_WARN_CONSTANT_CONVERSION = YES;
				CLANG_WARN_DEPRECATED_OBJC_IMPLEMENTATIONS = YES;
				CLANG_WARN_DIRECT_OBJC_ISA_USAGE = YES_ERROR;
				CLANG_WARN_DOCUMENTATION_COMMENTS = YES;
				CLANG_WARN_EMPTY_BODY = YES;
				CLANG_WARN_ENUM_CONVERSION = YES;
				CLANG_WARN_INFINITE_RECURSION = YES;
				CLANG_WARN_INT_CONVERSION = YES;
				CLANG_WARN_NON_LITERAL_NULL_CONVERSION = YES;
				CLANG_WARN_OBJC_IMPLICIT_RETAIN_SELF = YES;
				CLANG_WARN_OBJC_LITERAL_CONVERSION = YES;
				CLANG_WARN_OBJC_ROOT_CLASS = YES_ERROR;
				CLANG_WARN_QUOTED_INCLUDE_IN_FRAMEWORK_HEADER = YES;
				CLANG_WARN_RANGE_LOOP_ANALYSIS = YES;
				CLANG_WARN_STRICT_PROTOTYPES = YES;
				CLANG_WARN_SUSPICIOUS_MOVE = YES;
				CLANG_WARN_UNGUARDED_AVAILABILITY = YES_AGGRESSIVE;
				CLANG_WARN_UNREACHABLE_CODE = YES;
				CLANG_WARN__DUPLICATE_METHOD_MATCH = YES;
				COPY_PHASE_STRIP = NO;
				DEBUG_INFORMATION_FORMAT = dwarf;
				ENABLE_STRICT_OBJC_MSGSEND = YES;
				ENABLE_TESTABILITY = YES;
				ENABLE_USER_SCRIPT_SANDBOXING = YES;
				GCC_C_LANGUAGE_STANDARD = gnu17;
				GCC_DYNAMIC_NO_PIC = NO;
				GCC_NO_COMMON_BLOCKS = YES;
				GCC_OPTIMIZATION_LEVEL = 0;
				GCC_PREPROCESSOR_DEFINITIONS = (
					"DEBUG=1",
					"$(inherited)",
				);
				GCC_WARN_64_TO_32_BIT_CONVERSION = YES;
				GCC_WARN_ABOUT_RETURN_TYPE = YES_ERROR;
				GCC_WARN_UNDECLARED_SELECTOR = YES;
				GCC_WARN_UNINITIALIZED_AUTOS = YES_AGGRESSIVE;
				GCC_WARN_UNUSED_FUNCTION = YES;
				GCC_WARN_UNUSED_VARIABLE = YES;
				IPHONEOS_DEPLOYMENT_TARGET = 15.0;
				LOCALIZATION_PREFERS_STRING_CATALOGS = YES;
				MTL_ENABLE_DEBUG_INFO = INCLUDE_SOURCE;
				MTL_FAST_MATH = YES;
				ONLY_ACTIVE_ARCH = YES;
				SDKROOT = iphoneos;
				SWIFT_ACTIVE_COMPILATION_CONDITIONS = "DEBUG $(inherited)";
				SWIFT_OPTIMIZATION_LEVEL = "-Onone";
			};
			name = Debug;
		};
		221746CD2B7B202B00B081FC /* Release */ = {
			isa = XCBuildConfiguration;
			buildSettings = {
				ALWAYS_SEARCH_USER_PATHS = NO;
				ASSETCATALOG_COMPILER_GENERATE_SWIFT_ASSET_SYMBOL_EXTENSIONS = YES;
				CLANG_ANALYZER_NONNULL = YES;
				CLANG_ANALYZER_NUMBER_OBJECT_CONVERSION = YES_AGGRESSIVE;
				CLANG_CXX_LANGUAGE_STANDARD = "gnu++20";
				CLANG_ENABLE_MODULES = YES;
				CLANG_ENABLE_OBJC_ARC = YES;
				CLANG_ENABLE_OBJC_WEAK = YES;
				CLANG_WARN_BLOCK_CAPTURE_AUTORELEASING = YES;
				CLANG_WARN_BOOL_CONVERSION = YES;
				CLANG_WARN_COMMA = YES;
				CLANG_WARN_CONSTANT_CONVERSION = YES;
				CLANG_WARN_DEPRECATED_OBJC_IMPLEMENTATIONS = YES;
				CLANG_WARN_DIRECT_OBJC_ISA_USAGE = YES_ERROR;
				CLANG_WARN_DOCUMENTATION_COMMENTS = YES;
				CLANG_WARN_EMPTY_BODY = YES;
				CLANG_WARN_ENUM_CONVERSION = YES;
				CLANG_WARN_INFINITE_RECURSION = YES;
				CLANG_WARN_INT_CONVERSION = YES;
				CLANG_WARN_NON_LITERAL_NULL_CONVERSION = YES;
				CLANG_WARN_OBJC_IMPLICIT_RETAIN_SELF = YES;
				CLANG_WARN_OBJC_LITERAL_CONVERSION = YES;
				CLANG_WARN_OBJC_ROOT_CLASS = YES_ERROR;
				CLANG_WARN_QUOTED_INCLUDE_IN_FRAMEWORK_HEADER = YES;
				CLANG_WARN_RANGE_LOOP_ANALYSIS = YES;
				CLANG_WARN_STRICT_PROTOTYPES = YES;
				CLANG_WARN_SUSPICIOUS_MOVE = YES;
				CLANG_WARN_UNGUARDED_AVAILABILITY = YES_AGGRESSIVE;
				CLANG_WARN_UNREACHABLE_CODE = YES;
				CLANG_WARN__DUPLICATE_METHOD_MATCH = YES;
				COPY_PHASE_STRIP = NO;
				DEBUG_INFORMATION_FORMAT = "dwarf-with-dsym";
				ENABLE_NS_ASSERTIONS = NO;
				ENABLE_STRICT_OBJC_MSGSEND = YES;
				ENABLE_USER_SCRIPT_SANDBOXING = YES;
				GCC_C_LANGUAGE_STANDARD = gnu17;
				GCC_NO_COMMON_BLOCKS = YES;
				GCC_WARN_64_TO_32_BIT_CONVERSION = YES;
				GCC_WARN_ABOUT_RETURN_TYPE = YES_ERROR;
				GCC_WARN_UNDECLARED_SELECTOR = YES;
				GCC_WARN_UNINITIALIZED_AUTOS = YES_AGGRESSIVE;
				GCC_WARN_UNUSED_FUNCTION = YES;
				GCC_WARN_UNUSED_VARIABLE = YES;
				IPHONEOS_DEPLOYMENT_TARGET = 15.0;
				LOCALIZATION_PREFERS_STRING_CATALOGS = YES;
				MTL_ENABLE_DEBUG_INFO = NO;
				MTL_FAST_MATH = YES;
				SDKROOT = iphoneos;
				SWIFT_COMPILATION_MODE = wholemodule;
				VALIDATE_PRODUCT = YES;
			};
			name = Release;
		};
		221746CF2B7B202B00B081FC /* Debug */ = {
			isa = XCBuildConfiguration;
			buildSettings = {
				ASSETCATALOG_COMPILER_APPICON_NAME = AppIcon;
				ASSETCATALOG_COMPILER_GLOBAL_ACCENT_COLOR_NAME = AccentColor;
				CODE_SIGN_STYLE = Automatic;
				CURRENT_PROJECT_VERSION = 1;
				DEVELOPMENT_ASSET_PATHS = "\"Appetizer/Preview Content\"";
				DEVELOPMENT_TEAM = JMB8Y7C47R;
				ENABLE_PREVIEWS = YES;
				GENERATE_INFOPLIST_FILE = YES;
				INFOPLIST_KEY_UIApplicationSceneManifest_Generation = YES;
				INFOPLIST_KEY_UIApplicationSupportsIndirectInputEvents = YES;
				INFOPLIST_KEY_UILaunchScreen_Generation = YES;
				INFOPLIST_KEY_UISupportedInterfaceOrientations_iPad = "UIInterfaceOrientationPortrait UIInterfaceOrientationPortraitUpsideDown UIInterfaceOrientationLandscapeLeft UIInterfaceOrientationLandscapeRight";
				INFOPLIST_KEY_UISupportedInterfaceOrientations_iPhone = "UIInterfaceOrientationPortrait UIInterfaceOrientationLandscapeLeft UIInterfaceOrientationLandscapeRight";
				IPHONEOS_DEPLOYMENT_TARGET = 15.0;
				LD_RUNPATH_SEARCH_PATHS = (
					"$(inherited)",
					"@executable_path/Frameworks",
				);
				MARKETING_VERSION = 1.0;
				PRODUCT_BUNDLE_IDENTIFIER = com.KodiMaberek.Appetizer;
				PRODUCT_NAME = "$(TARGET_NAME)";
				SWIFT_EMIT_LOC_STRINGS = YES;
				SWIFT_VERSION = 5.0;
				TARGETED_DEVICE_FAMILY = "1,2";
			};
			name = Debug;
		};
		221746D02B7B202B00B081FC /* Release */ = {
			isa = XCBuildConfiguration;
			buildSettings = {
				ASSETCATALOG_COMPILER_APPICON_NAME = AppIcon;
				ASSETCATALOG_COMPILER_GLOBAL_ACCENT_COLOR_NAME = AccentColor;
				CODE_SIGN_STYLE = Automatic;
				CURRENT_PROJECT_VERSION = 1;
				DEVELOPMENT_ASSET_PATHS = "\"Appetizer/Preview Content\"";
				DEVELOPMENT_TEAM = JMB8Y7C47R;
				ENABLE_PREVIEWS = YES;
				GENERATE_INFOPLIST_FILE = YES;
				INFOPLIST_KEY_UIApplicationSceneManifest_Generation = YES;
				INFOPLIST_KEY_UIApplicationSupportsIndirectInputEvents = YES;
				INFOPLIST_KEY_UILaunchScreen_Generation = YES;
				INFOPLIST_KEY_UISupportedInterfaceOrientations_iPad = "UIInterfaceOrientationPortrait UIInterfaceOrientationPortraitUpsideDown UIInterfaceOrientationLandscapeLeft UIInterfaceOrientationLandscapeRight";
				INFOPLIST_KEY_UISupportedInterfaceOrientations_iPhone = "UIInterfaceOrientationPortrait UIInterfaceOrientationLandscapeLeft UIInterfaceOrientationLandscapeRight";
				IPHONEOS_DEPLOYMENT_TARGET = 15.0;
				LD_RUNPATH_SEARCH_PATHS = (
					"$(inherited)",
					"@executable_path/Frameworks",
				);
				MARKETING_VERSION = 1.0;
				PRODUCT_BUNDLE_IDENTIFIER = com.KodiMaberek.Appetizer;
				PRODUCT_NAME = "$(TARGET_NAME)";
				SWIFT_EMIT_LOC_STRINGS = YES;
				SWIFT_VERSION = 5.0;
				TARGETED_DEVICE_FAMILY = "1,2";
			};
			name = Release;
		};
/* End XCBuildConfiguration section */

/* Begin XCConfigurationList section */
		221746BB2B7B202900B081FC /* Build configuration list for PBXProject "Appetizer" */ = {
			isa = XCConfigurationList;
			buildConfigurations = (
				221746CC2B7B202B00B081FC /* Debug */,
				221746CD2B7B202B00B081FC /* Release */,
			);
			defaultConfigurationIsVisible = 0;
			defaultConfigurationName = Release;
		};
		221746CE2B7B202B00B081FC /* Build configuration list for PBXNativeTarget "Appetizer" */ = {
			isa = XCConfigurationList;
			buildConfigurations = (
				221746CF2B7B202B00B081FC /* Debug */,
				221746D02B7B202B00B081FC /* Release */,
			);
			defaultConfigurationIsVisible = 0;
			defaultConfigurationName = Release;
		};
/* End XCConfigurationList section */
	};
	rootObject = 221746B82B7B202900B081FC /* Project object */;
}
